
Microsoft Visual Studio Solution File, Format Version 12.00
# Visual Studio Version 17
VisualStudioVersion = 17.9.34622.214
MinimumVisualStudioVersion = 10.0.40219.1
Project("{9A19103F-16F7-4668-BE54-9A1E7A4F7556}") = "EMart", "EMart\EMart.csproj", "{6FEA869B-50EB-4DE1-A1FA-70D346EE7EC8}"
EndProject
Project("{9A19103F-16F7-4668-BE54-9A1E7A4F7556}") = "EMart.DA", "EMart.DA\EMart.DA.csproj", "{608C4025-1970-4A08-8C41-B33AB3E166CB}"
EndProject
Project("{9A19103F-16F7-4668-BE54-9A1E7A4F7556}") = "EMart.Models", "EMart.Models\EMart.Models.csproj", "{2660AF92-88DA-4E51-B011-1F604DB90C60}"
EndProject
Project("{FAE04EC0-301F-11D3-BF4B-00C04F79EFBC}") = "EMart.Utility", "EMart.Utility\EMart.Utility.csproj", "{F0CB69AE-15A5-4CB2-A648-16ED9F7EEB95}"
EndProject
Global
	GlobalSection(SolutionConfigurationPlatforms) = preSolution
		Debug|Any CPU = Debug|Any CPU
		Release|Any CPU = Release|Any CPU
	EndGlobalSection
	GlobalSection(ProjectConfigurationPlatforms) = postSolution
		{6FEA869B-50EB-4DE1-A1FA-70D346EE7EC8}.Debug|Any CPU.ActiveCfg = Debug|Any CPU
		{6FEA869B-50EB-4DE1-A1FA-70D346EE7EC8}.Debug|Any CPU.Build.0 = Debug|Any CPU
		{6FEA869B-50EB-4DE1-A1FA-70D346EE7EC8}.Release|Any CPU.ActiveCfg = Release|Any CPU
		{6FEA869B-50EB-4DE1-A1FA-70D346EE7EC8}.Release|Any CPU.Build.0 = Release|Any CPU
		{608C4025-1970-4A08-8C41-B33AB3E166CB}.Debug|Any CPU.ActiveCfg = Debug|Any CPU
		{608C4025-1970-4A08-8C41-B33AB3E166CB}.Debug|Any CPU.Build.0 = Debug|Any CPU
		{608C4025-1970-4A08-8C41-B33AB3E166CB}.Release|Any CPU.ActiveCfg = Release|Any CPU
		{608C4025-1970-4A08-8C41-B33AB3E166CB}.Release|Any CPU.Build.0 = Release|Any CPU
		{2660AF92-88DA-4E51-B011-1F604DB90C60}.Debug|Any CPU.ActiveCfg = Debug|Any CPU
		{2660AF92-88DA-4E51-B011-1F604DB90C60}.Debug|Any CPU.Build.0 = Debug|Any CPU
		{2660AF92-88DA-4E51-B011-1F604DB90C60}.Release|Any CPU.ActiveCfg = Release|Any CPU
		{2660AF92-88DA-4E51-B011-1F604DB90C60}.Release|Any CPU.Build.0 = Release|Any CPU
		{F0CB69AE-15A5-4CB2-A648-16ED9F7EEB95}.Debug|Any CPU.ActiveCfg = Debug|Any CPU
		{F0CB69AE-15A5-4CB2-A648-16ED9F7EEB95}.Debug|Any CPU.Build.0 = Debug|Any CPU
		{F0CB69AE-15A5-4CB2-A648-16ED9F7EEB95}.Release|Any CPU.ActiveCfg = Release|Any CPU
		{F0CB69AE-15A5-4CB2-A648-16ED9F7EEB95}.Release|Any CPU.Build.0 = Release|Any CPU
	EndGlobalSection
	GlobalSection(SolutionProperties) = preSolution
		HideSolutionNode = FALSE
	EndGlobalSection
	GlobalSection(ExtensibilityGlobals) = postSolution
		SolutionGuid = {AA4AABF4-A619-40A3-B202-0A66704DF6EA}
	EndGlobalSection
EndGlobal
